// !$*UTF8*$!
{
	archiveVersion = 1;
	classes = {
	};
	objectVersion = 46;
	objects = {

/* Begin PBXBuildFile section */
		D89DF57114EBFEEE00AAEF40 /* UIKit.framework in Frameworks */ = {isa = PBXBuildFile; fileRef = D89DF57014EBFEEE00AAEF40 /* UIKit.framework */; };
		D89DF57314EBFEEE00AAEF40 /* Foundation.framework in Frameworks */ = {isa = PBXBuildFile; fileRef = D89DF57214EBFEEE00AAEF40 /* Foundation.framework */; };
		D89DF57514EBFEEE00AAEF40 /* CoreGraphics.framework in Frameworks */ = {isa = PBXBuildFile; fileRef = D89DF57414EBFEEE00AAEF40 /* CoreGraphics.framework */; };
		D89DF57B14EBFEEE00AAEF40 /* InfoPlist.strings in Resources */ = {isa = PBXBuildFile; fileRef = D89DF57914EBFEEE00AAEF40 /* InfoPlist.strings */; };
		D89DF57D14EBFEEE00AAEF40 /* main.m in Sources */ = {isa = PBXBuildFile; fileRef = D89DF57C14EBFEEE00AAEF40 /* main.m */; };
		D89DF58114EBFEEE00AAEF40 /* AppDelegate.m in Sources */ = {isa = PBXBuildFile; fileRef = D89DF58014EBFEEE00AAEF40 /* AppDelegate.m */; };
		D89DF5BA14EBFF5900AAEF40 /* add_student.png in Resources */ = {isa = PBXBuildFile; fileRef = D89DF58814EBFF5900AAEF40 /* add_student.png */; };
		D89DF5BB14EBFF5900AAEF40 /* course.png in Resources */ = {isa = PBXBuildFile; fileRef = D89DF58914EBFF5900AAEF40 /* course.png */; };
		D89DF5BC14EBFF5900AAEF40 /* student_female.png in Resources */ = {isa = PBXBuildFile; fileRef = D89DF58A14EBFF5900AAEF40 /* student_female.png */; };
		D89DF5BD14EBFF5900AAEF40 /* student_male.png in Resources */ = {isa = PBXBuildFile; fileRef = D89DF58B14EBFF5900AAEF40 /* student_male.png */; };
		D89DF5BE14EBFF5900AAEF40 /* xcode.png in Resources */ = {isa = PBXBuildFile; fileRef = D89DF58C14EBFF5900AAEF40 /* xcode.png */; };
		D89DF5C014EBFF5900AAEF40 /* Common.m in Sources */ = {isa = PBXBuildFile; fileRef = D89DF59414EBFF5900AAEF40 /* Common.m */; };
		D89DF5C114EBFF5900AAEF40 /* CMModel.m in Sources */ = {isa = PBXBuildFile; fileRef = D89DF59714EBFF5900AAEF40 /* CMModel.m */; };
		D89DF5C214EBFF5900AAEF40 /* Course.m in Sources */ = {isa = PBXBuildFile; fileRef = D89DF59914EBFF5900AAEF40 /* Course.m */; };
		D89DF5C314EBFF5900AAEF40 /* CourseModel.m in Sources */ = {isa = PBXBuildFile; fileRef = D89DF59B14EBFF5900AAEF40 /* CourseModel.m */; };
		D89DF5C414EBFF5900AAEF40 /* Instructor.m in Sources */ = {isa = PBXBuildFile; fileRef = D89DF59D14EBFF5900AAEF40 /* Instructor.m */; };
		D89DF5C514EBFF5900AAEF40 /* Person.m in Sources */ = {isa = PBXBuildFile; fileRef = D89DF59F14EBFF5900AAEF40 /* Person.m */; };
		D89DF5C614EBFF5900AAEF40 /* Student.m in Sources */ = {isa = PBXBuildFile; fileRef = D89DF5A114EBFF5900AAEF40 /* Student.m */; };
		D89DF5C714EBFF5900AAEF40 /* StudentModel.m in Sources */ = {isa = PBXBuildFile; fileRef = D89DF5A314EBFF5900AAEF40 /* StudentModel.m */; };
		D89DF5C814EBFF5900AAEF40 /* CourseListViewController.m in Sources */ = {isa = PBXBuildFile; fileRef = D89DF5A614EBFF5900AAEF40 /* CourseListViewController.m */; };
		D89DF5C914EBFF5900AAEF40 /* CourseViewCell.m in Sources */ = {isa = PBXBuildFile; fileRef = D89DF5A814EBFF5900AAEF40 /* CourseViewCell.m */; };
		D89DF5CA14EBFF5900AAEF40 /* CourseViewController.m in Sources */ = {isa = PBXBuildFile; fileRef = D89DF5AA14EBFF5900AAEF40 /* CourseViewController.m */; };
		D89DF5CB14EBFF5900AAEF40 /* ModelessViewController.m in Sources */ = {isa = PBXBuildFile; fileRef = D89DF5AC14EBFF5900AAEF40 /* ModelessViewController.m */; };
		D89DF5CC14EBFF5900AAEF40 /* SdtViewController.m in Sources */ = {isa = PBXBuildFile; fileRef = D89DF5AE14EBFF5900AAEF40 /* SdtViewController.m */; };
		D89DF5CD14EBFF5900AAEF40 /* StudentListViewController.m in Sources */ = {isa = PBXBuildFile; fileRef = D89DF5B014EBFF5900AAEF40 /* StudentListViewController.m */; };
		D89DF5CE14EBFF5900AAEF40 /* StudentViewCell.m in Sources */ = {isa = PBXBuildFile; fileRef = D89DF5B214EBFF5900AAEF40 /* StudentViewCell.m */; };
		D89DF5CF14EBFF5900AAEF40 /* StudentViewController.m in Sources */ = {isa = PBXBuildFile; fileRef = D89DF5B414EBFF5900AAEF40 /* StudentViewController.m */; };
		D89DF5D014EBFF5900AAEF40 /* CourseListViewController.xib in Resources */ = {isa = PBXBuildFile; fileRef = D89DF5B614EBFF5900AAEF40 /* CourseListViewController.xib */; };
		D89DF5D114EBFF5900AAEF40 /* CourseViewController.xib in Resources */ = {isa = PBXBuildFile; fileRef = D89DF5B714EBFF5900AAEF40 /* CourseViewController.xib */; };
		D89DF5D214EBFF5900AAEF40 /* StudentListViewController.xib in Resources */ = {isa = PBXBuildFile; fileRef = D89DF5B814EBFF5900AAEF40 /* StudentListViewController.xib */; };
		D89DF5D314EBFF5900AAEF40 /* StudentViewController.xib in Resources */ = {isa = PBXBuildFile; fileRef = D89DF5B914EBFF5900AAEF40 /* StudentViewController.xib */; };
/* End PBXBuildFile section */

/* Begin PBXFileReference section */
		D89DF56C14EBFEEE00AAEF40 /* CourseManagement.app */ = {isa = PBXFileReference; explicitFileType = wrapper.application; includeInIndex = 0; path = CourseManagement.app; sourceTree = BUILT_PRODUCTS_DIR; };
		D89DF57014EBFEEE00AAEF40 /* UIKit.framework */ = {isa = PBXFileReference; lastKnownFileType = wrapper.framework; name = UIKit.framework; path = System/Library/Frameworks/UIKit.framework; sourceTree = SDKROOT; };
		D89DF57214EBFEEE00AAEF40 /* Foundation.framework */ = {isa = PBXFileReference; lastKnownFileType = wrapper.framework; name = Foundation.framework; path = System/Library/Frameworks/Foundation.framework; sourceTree = SDKROOT; };
		D89DF57414EBFEEE00AAEF40 /* CoreGraphics.framework */ = {isa = PBXFileReference; lastKnownFileType = wrapper.framework; name = CoreGraphics.framework; path = System/Library/Frameworks/CoreGraphics.framework; sourceTree = SDKROOT; };
		D89DF57814EBFEEE00AAEF40 /* CourseManagement-Info.plist */ = {isa = PBXFileReference; lastKnownFileType = text.plist.xml; path = "CourseManagement-Info.plist"; sourceTree = "<group>"; };
		D89DF57A14EBFEEE00AAEF40 /* en */ = {isa = PBXFileReference; lastKnownFileType = text.plist.strings; name = en; path = en.lproj/InfoPlist.strings; sourceTree = "<group>"; };
		D89DF57C14EBFEEE00AAEF40 /* main.m */ = {isa = PBXFileReference; lastKnownFileType = sourcecode.c.objc; path = main.m; sourceTree = "<group>"; };
		D89DF57E14EBFEEE00AAEF40 /* CourseManagement-Prefix.pch */ = {isa = PBXFileReference; lastKnownFileType = sourcecode.c.h; path = "CourseManagement-Prefix.pch"; sourceTree = "<group>"; };
		D89DF57F14EBFEEE00AAEF40 /* AppDelegate.h */ = {isa = PBXFileReference; lastKnownFileType = sourcecode.c.h; path = AppDelegate.h; sourceTree = "<group>"; };
		D89DF58014EBFEEE00AAEF40 /* AppDelegate.m */ = {isa = PBXFileReference; lastKnownFileType = sourcecode.c.objc; path = AppDelegate.m; sourceTree = "<group>"; };
		D89DF58814EBFF5900AAEF40 /* add_student.png */ = {isa = PBXFileReference; lastKnownFileType = image.png; path = add_student.png; sourceTree = "<group>"; };
		D89DF58914EBFF5900AAEF40 /* course.png */ = {isa = PBXFileReference; lastKnownFileType = image.png; path = course.png; sourceTree = "<group>"; };
		D89DF58A14EBFF5900AAEF40 /* student_female.png */ = {isa = PBXFileReference; lastKnownFileType = image.png; path = student_female.png; sourceTree = "<group>"; };
		D89DF58B14EBFF5900AAEF40 /* student_male.png */ = {isa = PBXFileReference; lastKnownFileType = image.png; path = student_male.png; sourceTree = "<group>"; };
		D89DF58C14EBFF5900AAEF40 /* xcode.png */ = {isa = PBXFileReference; lastKnownFileType = image.png; path = xcode.png; sourceTree = "<group>"; };
		D89DF59114EBFF5900AAEF40 /* ModalViewControllerDelegate.h */ = {isa = PBXFileReference; fileEncoding = 4; lastKnownFileType = sourcecode.c.h; path = ModalViewControllerDelegate.h; sourceTree = "<group>"; };
		D89DF59314EBFF5900AAEF40 /* Common.h */ = {isa = PBXFileReference; fileEncoding = 4; lastKnownFileType = sourcecode.c.h; path = Common.h; sourceTree = "<group>"; };
		D89DF59414EBFF5900AAEF40 /* Common.m */ = {isa = PBXFileReference; fileEncoding = 4; lastKnownFileType = sourcecode.c.objc; path = Common.m; sourceTree = "<group>"; };
		D89DF59614EBFF5900AAEF40 /* CMModel.h */ = {isa = PBXFileReference; fileEncoding = 4; lastKnownFileType = sourcecode.c.h; path = CMModel.h; sourceTree = "<group>"; };
		D89DF59714EBFF5900AAEF40 /* CMModel.m */ = {isa = PBXFileReference; fileEncoding = 4; lastKnownFileType = sourcecode.c.objc; path = CMModel.m; sourceTree = "<group>"; };
		D89DF59814EBFF5900AAEF40 /* Course.h */ = {isa = PBXFileReference; fileEncoding = 4; lastKnownFileType = sourcecode.c.h; path = Course.h; sourceTree = "<group>"; };
		D89DF59914EBFF5900AAEF40 /* Course.m */ = {isa = PBXFileReference; fileEncoding = 4; lastKnownFileType = sourcecode.c.objc; path = Course.m; sourceTree = "<group>"; };
		D89DF59A14EBFF5900AAEF40 /* CourseModel.h */ = {isa = PBXFileReference; fileEncoding = 4; lastKnownFileType = sourcecode.c.h; path = CourseModel.h; sourceTree = "<group>"; };
		D89DF59B14EBFF5900AAEF40 /* CourseModel.m */ = {isa = PBXFileReference; fileEncoding = 4; lastKnownFileType = sourcecode.c.objc; path = CourseModel.m; sourceTree = "<group>"; };
		D89DF59C14EBFF5900AAEF40 /* Instructor.h */ = {isa = PBXFileReference; fileEncoding = 4; lastKnownFileType = sourcecode.c.h; path = Instructor.h; sourceTree = "<group>"; };
		D89DF59D14EBFF5900AAEF40 /* Instructor.m */ = {isa = PBXFileReference; fileEncoding = 4; lastKnownFileType = sourcecode.c.objc; path = Instructor.m; sourceTree = "<group>"; };
		D89DF59E14EBFF5900AAEF40 /* Person.h */ = {isa = PBXFileReference; fileEncoding = 4; lastKnownFileType = sourcecode.c.h; path = Person.h; sourceTree = "<group>"; };
		D89DF59F14EBFF5900AAEF40 /* Person.m */ = {isa = PBXFileReference; fileEncoding = 4; lastKnownFileType = sourcecode.c.objc; path = Person.m; sourceTree = "<group>"; };
		D89DF5A014EBFF5900AAEF40 /* Student.h */ = {isa = PBXFileReference; fileEncoding = 4; lastKnownFileType = sourcecode.c.h; path = Student.h; sourceTree = "<group>"; };
		D89DF5A114EBFF5900AAEF40 /* Student.m */ = {isa = PBXFileReference; fileEncoding = 4; lastKnownFileType = sourcecode.c.objc; path = Student.m; sourceTree = "<group>"; };
		D89DF5A214EBFF5900AAEF40 /* StudentModel.h */ = {isa = PBXFileReference; fileEncoding = 4; lastKnownFileType = sourcecode.c.h; path = StudentModel.h; sourceTree = "<group>"; };
		D89DF5A314EBFF5900AAEF40 /* StudentModel.m */ = {isa = PBXFileReference; fileEncoding = 4; lastKnownFileType = sourcecode.c.objc; path = StudentModel.m; sourceTree = "<group>"; };
		D89DF5A514EBFF5900AAEF40 /* CourseListViewController.h */ = {isa = PBXFileReference; fileEncoding = 4; lastKnownFileType = sourcecode.c.h; path = CourseListViewController.h; sourceTree = "<group>"; };
		D89DF5A614EBFF5900AAEF40 /* CourseListViewController.m */ = {isa = PBXFileReference; fileEncoding = 4; lastKnownFileType = sourcecode.c.objc; path = CourseListViewController.m; sourceTree = "<group>"; };
		D89DF5A714EBFF5900AAEF40 /* CourseViewCell.h */ = {isa = PBXFileReference; fileEncoding = 4; lastKnownFileType = sourcecode.c.h; path = CourseViewCell.h; sourceTree = "<group>"; };
		D89DF5A814EBFF5900AAEF40 /* CourseViewCell.m */ = {isa = PBXFileReference; fileEncoding = 4; lastKnownFileType = sourcecode.c.objc; path = CourseViewCell.m; sourceTree = "<group>"; };
		D89DF5A914EBFF5900AAEF40 /* CourseViewController.h */ = {isa = PBXFileReference; fileEncoding = 4; lastKnownFileType = sourcecode.c.h; path = CourseViewController.h; sourceTree = "<group>"; };
		D89DF5AA14EBFF5900AAEF40 /* CourseViewController.m */ = {isa = PBXFileReference; fileEncoding = 4; lastKnownFileType = sourcecode.c.objc; path = CourseViewController.m; sourceTree = "<group>"; };
		D89DF5AB14EBFF5900AAEF40 /* ModelessViewController.h */ = {isa = PBXFileReference; fileEncoding = 4; lastKnownFileType = sourcecode.c.h; path = ModelessViewController.h; sourceTree = "<group>"; };
		D89DF5AC14EBFF5900AAEF40 /* ModelessViewController.m */ = {isa = PBXFileReference; fileEncoding = 4; lastKnownFileType = sourcecode.c.objc; path = ModelessViewController.m; sourceTree = "<group>"; };
		D89DF5AD14EBFF5900AAEF40 /* SdtViewController.h */ = {isa = PBXFileReference; fileEncoding = 4; lastKnownFileType = sourcecode.c.h; path = SdtViewController.h; sourceTree = "<group>"; };
		D89DF5AE14EBFF5900AAEF40 /* SdtViewController.m */ = {isa = PBXFileReference; fileEncoding = 4; lastKnownFileType = sourcecode.c.objc; path = SdtViewController.m; sourceTree = "<group>"; };
		D89DF5AF14EBFF5900AAEF40 /* StudentListViewController.h */ = {isa = PBXFileReference; fileEncoding = 4; lastKnownFileType = sourcecode.c.h; path = StudentListViewController.h; sourceTree = "<group>"; };
		D89DF5B014EBFF5900AAEF40 /* StudentListViewController.m */ = {isa = PBXFileReference; fileEncoding = 4; lastKnownFileType = sourcecode.c.objc; path = StudentListViewController.m; sourceTree = "<group>"; };
		D89DF5B114EBFF5900AAEF40 /* StudentViewCell.h */ = {isa = PBXFileReference; fileEncoding = 4; lastKnownFileType = sourcecode.c.h; path = StudentViewCell.h; sourceTree = "<group>"; };
		D89DF5B214EBFF5900AAEF40 /* StudentViewCell.m */ = {isa = PBXFileReference; fileEncoding = 4; lastKnownFileType = sourcecode.c.objc; path = StudentViewCell.m; sourceTree = "<group>"; };
		D89DF5B314EBFF5900AAEF40 /* StudentViewController.h */ = {isa = PBXFileReference; fileEncoding = 4; lastKnownFileType = sourcecode.c.h; path = StudentViewController.h; sourceTree = "<group>"; };
		D89DF5B414EBFF5900AAEF40 /* StudentViewController.m */ = {isa = PBXFileReference; fileEncoding = 4; lastKnownFileType = sourcecode.c.objc; path = StudentViewController.m; sourceTree = "<group>"; };
		D89DF5B614EBFF5900AAEF40 /* CourseListViewController.xib */ = {isa = PBXFileReference; fileEncoding = 4; lastKnownFileType = file.xib; path = CourseListViewController.xib; sourceTree = "<group>"; };
		D89DF5B714EBFF5900AAEF40 /* CourseViewController.xib */ = {isa = PBXFileReference; fileEncoding = 4; lastKnownFileType = file.xib; path = CourseViewController.xib; sourceTree = "<group>"; };
		D89DF5B814EBFF5900AAEF40 /* StudentListViewController.xib */ = {isa = PBXFileReference; fileEncoding = 4; lastKnownFileType = file.xib; path = StudentListViewController.xib; sourceTree = "<group>"; };
		D89DF5B914EBFF5900AAEF40 /* StudentViewController.xib */ = {isa = PBXFileReference; fileEncoding = 4; lastKnownFileType = file.xib; path = StudentViewController.xib; sourceTree = "<group>"; };
/* End PBXFileReference section */

/* Begin PBXFrameworksBuildPhase section */
		D89DF56914EBFEEE00AAEF40 /* Frameworks */ = {
			isa = PBXFrameworksBuildPhase;
			buildActionMask = 2147483647;
			files = (
				D89DF57114EBFEEE00AAEF40 /* UIKit.framework in Frameworks */,
				D89DF57314EBFEEE00AAEF40 /* Foundation.framework in Frameworks */,
				D89DF57514EBFEEE00AAEF40 /* CoreGraphics.framework in Frameworks */,
			);
			runOnlyForDeploymentPostprocessing = 0;
		};
/* End PBXFrameworksBuildPhase section */

/* Begin PBXGroup section */
		D89DF56114EBFEEE00AAEF40 = {
			isa = PBXGroup;
			children = (
				D89DF57614EBFEEE00AAEF40 /* CourseManagement */,
				D89DF56F14EBFEEE00AAEF40 /* Frameworks */,
				D89DF56D14EBFEEE00AAEF40 /* Products */,
			);
			sourceTree = "<group>";
		};
		D89DF56D14EBFEEE00AAEF40 /* Products */ = {
			isa = PBXGroup;
			children = (
				D89DF56C14EBFEEE00AAEF40 /* CourseManagement.app */,
			);
			name = Products;
			sourceTree = "<group>";
		};
		D89DF56F14EBFEEE00AAEF40 /* Frameworks */ = {
			isa = PBXGroup;
			children = (
				D89DF57014EBFEEE00AAEF40 /* UIKit.framework */,
				D89DF57214EBFEEE00AAEF40 /* Foundation.framework */,
				D89DF57414EBFEEE00AAEF40 /* CoreGraphics.framework */,
			);
			name = Frameworks;
			sourceTree = "<group>";
		};
		D89DF57614EBFEEE00AAEF40 /* CourseManagement */ = {
			isa = PBXGroup;
			children = (
				D89DF58714EBFF5900AAEF40 /* Images */,
				D89DF58D14EBFF5900AAEF40 /* Src */,
				D89DF5B514EBFF5900AAEF40 /* XIBs */,
				D89DF57F14EBFEEE00AAEF40 /* AppDelegate.h */,
				D89DF58014EBFEEE00AAEF40 /* AppDelegate.m */,
				D89DF57714EBFEEE00AAEF40 /* Supporting Files */,
			);
			path = CourseManagement;
			sourceTree = "<group>";
		};
		D89DF57714EBFEEE00AAEF40 /* Supporting Files */ = {
			isa = PBXGroup;
			children = (
				D89DF57814EBFEEE00AAEF40 /* CourseManagement-Info.plist */,
				D89DF57914EBFEEE00AAEF40 /* InfoPlist.strings */,
				D89DF57C14EBFEEE00AAEF40 /* main.m */,
				D89DF57E14EBFEEE00AAEF40 /* CourseManagement-Prefix.pch */,
			);
			name = "Supporting Files";
			sourceTree = "<group>";
		};
		D89DF58714EBFF5900AAEF40 /* Images */ = {
			isa = PBXGroup;
			children = (
				D89DF58814EBFF5900AAEF40 /* add_student.png */,
				D89DF58914EBFF5900AAEF40 /* course.png */,
				D89DF58A14EBFF5900AAEF40 /* student_female.png */,
				D89DF58B14EBFF5900AAEF40 /* student_male.png */,
				D89DF58C14EBFF5900AAEF40 /* xcode.png */,
			);
			path = Images;
			sourceTree = SOURCE_ROOT;
		};
		D89DF58D14EBFF5900AAEF40 /* Src */ = {
			isa = PBXGroup;
			children = (
				D89DF58E14EBFF5900AAEF40 /* Delegators */,
				D89DF59214EBFF5900AAEF40 /* Global */,
				D89DF59514EBFF5900AAEF40 /* Models */,
				D89DF5A414EBFF5900AAEF40 /* ViewControllers */,
			);
			path = Src;
			sourceTree = SOURCE_ROOT;
		};
		D89DF58E14EBFF5900AAEF40 /* Delegators */ = {
			isa = PBXGroup;
			children = (
				D89DF59114EBFF5900AAEF40 /* ModalViewControllerDelegate.h */,
			);
			path = Delegators;
			sourceTree = "<group>";
		};
		D89DF59214EBFF5900AAEF40 /* Global */ = {
			isa = PBXGroup;
			children = (
				D89DF59314EBFF5900AAEF40 /* Common.h */,
				D89DF59414EBFF5900AAEF40 /* Common.m */,
			);
			path = Global;
			sourceTree = "<group>";
		};
		D89DF59514EBFF5900AAEF40 /* Models */ = {
			isa = PBXGroup;
			children = (
				D89DF59614EBFF5900AAEF40 /* CMModel.h */,
				D89DF59714EBFF5900AAEF40 /* CMModel.m */,
				D89DF59814EBFF5900AAEF40 /* Course.h */,
				D89DF59914EBFF5900AAEF40 /* Course.m */,
				D89DF59A14EBFF5900AAEF40 /* CourseModel.h */,
				D89DF59B14EBFF5900AAEF40 /* CourseModel.m */,
				D89DF59C14EBFF5900AAEF40 /* Instructor.h */,
				D89DF59D14EBFF5900AAEF40 /* Instructor.m */,
				D89DF59E14EBFF5900AAEF40 /* Person.h */,
				D89DF59F14EBFF5900AAEF40 /* Person.m */,
				D89DF5A014EBFF5900AAEF40 /* Student.h */,
				D89DF5A114EBFF5900AAEF40 /* Student.m */,
				D89DF5A214EBFF5900AAEF40 /* StudentModel.h */,
				D89DF5A314EBFF5900AAEF40 /* StudentModel.m */,
			);
			path = Models;
			sourceTree = "<group>";
		};
		D89DF5A414EBFF5900AAEF40 /* ViewControllers */ = {
			isa = PBXGroup;
			children = (
				D89DF5A514EBFF5900AAEF40 /* CourseListViewController.h */,
				D89DF5A614EBFF5900AAEF40 /* CourseListViewController.m */,
				D89DF5A714EBFF5900AAEF40 /* CourseViewCell.h */,
				D89DF5A814EBFF5900AAEF40 /* CourseViewCell.m */,
				D89DF5A914EBFF5900AAEF40 /* CourseViewController.h */,
				D89DF5AA14EBFF5900AAEF40 /* CourseViewController.m */,
				D89DF5AB14EBFF5900AAEF40 /* ModelessViewController.h */,
				D89DF5AC14EBFF5900AAEF40 /* ModelessViewController.m */,
				D89DF5AD14EBFF5900AAEF40 /* SdtViewController.h */,
				D89DF5AE14EBFF5900AAEF40 /* SdtViewController.m */,
				D89DF5AF14EBFF5900AAEF40 /* StudentListViewController.h */,
				D89DF5B014EBFF5900AAEF40 /* StudentListViewController.m */,
				D89DF5B114EBFF5900AAEF40 /* StudentViewCell.h */,
				D89DF5B214EBFF5900AAEF40 /* StudentViewCell.m */,
				D89DF5B314EBFF5900AAEF40 /* StudentViewController.h */,
				D89DF5B414EBFF5900AAEF40 /* StudentViewController.m */,
			);
			path = ViewControllers;
			sourceTree = "<group>";
		};
		D89DF5B514EBFF5900AAEF40 /* XIBs */ = {
			isa = PBXGroup;
			children = (
				D89DF5B614EBFF5900AAEF40 /* CourseListViewController.xib */,
				D89DF5B714EBFF5900AAEF40 /* CourseViewController.xib */,
				D89DF5B814EBFF5900AAEF40 /* StudentListViewController.xib */,
				D89DF5B914EBFF5900AAEF40 /* StudentViewController.xib */,
			);
			path = XIBs;
			sourceTree = SOURCE_ROOT;
		};
/* End PBXGroup section */

/* Begin PBXNativeTarget section */
		D89DF56B14EBFEEE00AAEF40 /* CourseManagement */ = {
			isa = PBXNativeTarget;
			buildConfigurationList = D89DF58414EBFEEE00AAEF40 /* Build configuration list for PBXNativeTarget "CourseManagement" */;
			buildPhases = (
				D89DF56814EBFEEE00AAEF40 /* Sources */,
				D89DF56914EBFEEE00AAEF40 /* Frameworks */,
				D89DF56A14EBFEEE00AAEF40 /* Resources */,
			);
			buildRules = (
			);
			dependencies = (
			);
			name = CourseManagement;
			productName = CourseManagement;
			productReference = D89DF56C14EBFEEE00AAEF40 /* CourseManagement.app */;
			productType = "com.apple.product-type.application";
		};
/* End PBXNativeTarget section */

/* Begin PBXProject section */
		D89DF56314EBFEEE00AAEF40 /* Project object */ = {
			isa = PBXProject;
			attributes = {
				LastUpgradeCheck = 0420;
			};
			buildConfigurationList = D89DF56614EBFEEE00AAEF40 /* Build configuration list for PBXProject "CourseManagement" */;
			compatibilityVersion = "Xcode 3.2";
			developmentRegion = English;
			hasScannedForEncodings = 0;
			knownRegions = (
				en,
			);
			mainGroup = D89DF56114EBFEEE00AAEF40;
			productRefGroup = D89DF56D14EBFEEE00AAEF40 /* Products */;
			projectDirPath = "";
			projectRoot = "";
			targets = (
				D89DF56B14EBFEEE00AAEF40 /* CourseManagement */,
			);
		};
/* End PBXProject section */

/* Begin PBXResourcesBuildPhase section */
		D89DF56A14EBFEEE00AAEF40 /* Resources */ = {
			isa = PBXResourcesBuildPhase;
			buildActionMask = 2147483647;
			files = (
				D89DF57B14EBFEEE00AAEF40 /* InfoPlist.strings in Resources */,
				D89DF5BA14EBFF5900AAEF40 /* add_student.png in Resources */,
				D89DF5BB14EBFF5900AAEF40 /* course.png in Resources */,
				D89DF5BC14EBFF5900AAEF40 /* student_female.png in Resources */,
				D89DF5BD14EBFF5900AAEF40 /* student_male.png in Resources */,
				D89DF5BE14EBFF5900AAEF40 /* xcode.png in Resources */,
				D89DF5D014EBFF5900AAEF40 /* CourseListViewController.xib in Resources */,
				D89DF5D114EBFF5900AAEF40 /* CourseViewController.xib in Resources */,
				D89DF5D214EBFF5900AAEF40 /* StudentListViewController.xib in Resources */,
				D89DF5D314EBFF5900AAEF40 /* StudentViewController.xib in Resources */,
			);
			runOnlyForDeploymentPostprocessing = 0;
		};
/* End PBXResourcesBuildPhase section */

/* Begin PBXSourcesBuildPhase section */
		D89DF56814EBFEEE00AAEF40 /* Sources */ = {
			isa = PBXSourcesBuildPhase;
			buildActionMask = 2147483647;
			files = (
				D89DF57D14EBFEEE00AAEF40 /* main.m in Sources */,
				D89DF58114EBFEEE00AAEF40 /* AppDelegate.m in Sources */,
				D89DF5C014EBFF5900AAEF40 /* Common.m in Sources */,
				D89DF5C114EBFF5900AAEF40 /* CMModel.m in Sources */,
				D89DF5C214EBFF5900AAEF40 /* Course.m in Sources */,
				D89DF5C314EBFF5900AAEF40 /* CourseModel.m in Sources */,
				D89DF5C414EBFF5900AAEF40 /* Instructor.m in Sources */,
				D89DF5C514EBFF5900AAEF40 /* Person.m in Sources */,
				D89DF5C614EBFF5900AAEF40 /* Student.m in Sources */,
				D89DF5C714EBFF5900AAEF40 /* StudentModel.m in Sources */,
				D89DF5C814EBFF5900AAEF40 /* CourseListViewController.m in Sources */,
				D89DF5C914EBFF5900AAEF40 /* CourseViewCell.m in Sources */,
				D89DF5CA14EBFF5900AAEF40 /* CourseViewController.m in Sources */,
				D89DF5CB14EBFF5900AAEF40 /* ModelessViewController.m in Sources */,
				D89DF5CC14EBFF5900AAEF40 /* SdtViewController.m in Sources */,
				D89DF5CD14EBFF5900AAEF40 /* StudentListViewController.m in Sources */,
				D89DF5CE14EBFF5900AAEF40 /* StudentViewCell.m in Sources */,
				D89DF5CF14EBFF5900AAEF40 /* StudentViewController.m in Sources */,
			);
			runOnlyForDeploymentPostprocessing = 0;
		};
/* End PBXSourcesBuildPhase section */

/* Begin PBXVariantGroup section */
		D89DF57914EBFEEE00AAEF40 /* InfoPlist.strings */ = {
			isa = PBXVariantGroup;
			children = (
				D89DF57A14EBFEEE00AAEF40 /* en */,
			);
			name = InfoPlist.strings;
			sourceTree = "<group>";
		};
/* End PBXVariantGroup section */

/* Begin XCBuildConfiguration section */
		D89DF58214EBFEEE00AAEF40 /* Debug */ = {
			isa = XCBuildConfiguration;
			buildSettings = {
				ALWAYS_SEARCH_USER_PATHS = NO;
				ARCHS = "$(ARCHS_STANDARD_32_BIT)";
				CLANG_ENABLE_OBJC_ARC = YES;
				"CODE_SIGN_IDENTITY[sdk=iphoneos*]" = "iPhone Developer";
				COPY_PHASE_STRIP = NO;
				GCC_C_LANGUAGE_STANDARD = gnu99;
				GCC_DYNAMIC_NO_PIC = NO;
				GCC_OPTIMIZATION_LEVEL = 0;
				GCC_PREPROCESSOR_DEFINITIONS = (
					"DEBUG=1",
					"$(inherited)",
				);
				GCC_SYMBOLS_PRIVATE_EXTERN = NO;
				GCC_VERSION = com.apple.compilers.llvm.clang.1_0;
				GCC_WARN_ABOUT_MISSING_PROTOTYPES = YES;
				GCC_WARN_ABOUT_RETURN_TYPE = YES;
				GCC_WARN_UNUSED_VARIABLE = YES;
				IPHONEOS_DEPLOYMENT_TARGET = 5.0;
				SDKROOT = iphoneos;
			};
			name = Debug;
		};
		D89DF58314EBFEEE00AAEF40 /* Release */ = {
			isa = XCBuildConfiguration;
			buildSettings = {
				ALWAYS_SEARCH_USER_PATHS = NO;
				ARCHS = "$(ARCHS_STANDARD_32_BIT)";
				CLANG_ENABLE_OBJC_ARC = YES;
				"CODE_SIGN_IDENTITY[sdk=iphoneos*]" = "iPhone Developer";
				COPY_PHASE_STRIP = YES;
				GCC_C_LANGUAGE_STANDARD = gnu99;
				GCC_VERSION = com.apple.compilers.llvm.clang.1_0;
				GCC_WARN_ABOUT_MISSING_PROTOTYPES = YES;
				GCC_WARN_ABOUT_RETURN_TYPE = YES;
				GCC_WARN_UNUSED_VARIABLE = YES;
				IPHONEOS_DEPLOYMENT_TARGET = 5.0;
				OTHER_CFLAGS = "-DNS_BLOCK_ASSERTIONS=1";
				SDKROOT = iphoneos;
				VALIDATE_PRODUCT = YES;
			};
			name = Release;
		};
		D89DF58514EBFEEE00AAEF40 /* Debug */ = {
			isa = XCBuildConfiguration;
			buildSettings = {
				GCC_PRECOMPILE_PREFIX_HEADER = YES;
				GCC_PREFIX_HEADER = "CourseManagement/CourseManagement-Prefix.pch";
				INFOPLIST_FILE = "CourseManagement/CourseManagement-Info.plist";
				PRODUCT_NAME = "$(TARGET_NAME)";
				WRAPPER_EXTENSION = app;
			};
			name = Debug;
		};
		D89DF58614EBFEEE00AAEF40 /* Release */ = {
			isa = XCBuildConfiguration;
			buildSettings = {
				GCC_PRECOMPILE_PREFIX_HEADER = YES;
				GCC_PREFIX_HEADER = "CourseManagement/CourseManagement-Prefix.pch";
				INFOPLIST_FILE = "CourseManagement/CourseManagement-Info.plist";
				PRODUCT_NAME = "$(TARGET_NAME)";
				WRAPPER_EXTENSION = app;
			};
			name = Release;
		};
/* End XCBuildConfiguration section */

/* Begin XCConfigurationList section */
		D89DF56614EBFEEE00AAEF40 /* Build configuration list for PBXProject "CourseManagement" */ = {
			isa = XCConfigurationList;
			buildConfigurations = (
				D89DF58214EBFEEE00AAEF40 /* Debug */,
				D89DF58314EBFEEE00AAEF40 /* Release */,
			);
			defaultConfigurationIsVisible = 0;
			defaultConfigurationName = Release;
		};
		D89DF58414EBFEEE00AAEF40 /* Build configuration list for PBXNativeTarget "CourseManagement" */ = {
			isa = XCConfigurationList;
			buildConfigurations = (
				D89DF58514EBFEEE00AAEF40 /* Debug */,
				D89DF58614EBFEEE00AAEF40 /* Release */,
			);
			defaultConfigurationIsVisible = 0;
		};
/* End XCConfigurationList section */
	};
	rootObject = D89DF56314EBFEEE00AAEF40 /* Project object */;
}
