// !$*UTF8*$!
{
	archiveVersion = 1;
	classes = {
	};
	objectVersion = 46;
	objects = {

/* Begin PBXBuildFile section */
		76844C091463F7D7001E54D1 /* student_female.png in Resources */ = {isa = PBXBuildFile; fileRef = 76844C081463F7D7001E54D1 /* student_female.png */; };
		76844C0B1463F7E2001E54D1 /* student_male.png in Resources */ = {isa = PBXBuildFile; fileRef = 76844C0A1463F7E2001E54D1 /* student_male.png */; };
		7685B8DE145EBA7D008F8FA2 /* course.png in Resources */ = {isa = PBXBuildFile; fileRef = 7685B8DC145EBA7D008F8FA2 /* course.png */; };
		768C539A1466D7750003AC71 /* add_student.png in Resources */ = {isa = PBXBuildFile; fileRef = 768C53991466D7750003AC71 /* add_student.png */; };
		768C539E1466DF9D0003AC71 /* StudentViewCell.m in Sources */ = {isa = PBXBuildFile; fileRef = 768C539D1466DF9C0003AC71 /* StudentViewCell.m */; };
		768FD0A01465163600E709AD /* CourseListViewController.xib in Resources */ = {isa = PBXBuildFile; fileRef = 768FD09F1465163600E709AD /* CourseListViewController.xib */; };
		76A29A48144D784E00D66A0A /* UIKit.framework in Frameworks */ = {isa = PBXBuildFile; fileRef = 76A29A47144D784E00D66A0A /* UIKit.framework */; };
		76A29A4A144D784E00D66A0A /* Foundation.framework in Frameworks */ = {isa = PBXBuildFile; fileRef = 76A29A49144D784E00D66A0A /* Foundation.framework */; };
		76A29A4C144D784E00D66A0A /* CoreGraphics.framework in Frameworks */ = {isa = PBXBuildFile; fileRef = 76A29A4B144D784E00D66A0A /* CoreGraphics.framework */; };
		76AB6299146520BC009E9BEB /* CMModel.m in Sources */ = {isa = PBXBuildFile; fileRef = 76AB6298146520BC009E9BEB /* CMModel.m */; };
		76E346401464D4D600FFE364 /* main.m in Sources */ = {isa = PBXBuildFile; fileRef = 76E3463F1464D4D600FFE364 /* main.m */; };
		76E346421464D50800FFE364 /* xcode.png in Resources */ = {isa = PBXBuildFile; fileRef = 76E346411464D50800FFE364 /* xcode.png */; };
		76E346461464D51700FFE364 /* CourseViewController.xib in Resources */ = {isa = PBXBuildFile; fileRef = 76E346431464D51700FFE364 /* CourseViewController.xib */; };
		76E346471464D51700FFE364 /* StudentListViewController.xib in Resources */ = {isa = PBXBuildFile; fileRef = 76E346441464D51700FFE364 /* StudentListViewController.xib */; };
		76E346481464D51700FFE364 /* StudentViewController.xib in Resources */ = {isa = PBXBuildFile; fileRef = 76E346451464D51700FFE364 /* StudentViewController.xib */; };
		76E3464C1464D52900FFE364 /* CourseManagementAppDelegate.m in Sources */ = {isa = PBXBuildFile; fileRef = 76E3464A1464D52900FFE364 /* CourseManagementAppDelegate.m */; };
		76E346551464D53600FFE364 /* CourseListViewController.m in Sources */ = {isa = PBXBuildFile; fileRef = 76E3464E1464D53600FFE364 /* CourseListViewController.m */; };
		76E346561464D53600FFE364 /* CourseViewController.m in Sources */ = {isa = PBXBuildFile; fileRef = 76E346501464D53600FFE364 /* CourseViewController.m */; };
		76E346571464D53600FFE364 /* StudentListViewController.m in Sources */ = {isa = PBXBuildFile; fileRef = 76E346521464D53600FFE364 /* StudentListViewController.m */; };
		76E346581464D53600FFE364 /* StudentViewController.m in Sources */ = {isa = PBXBuildFile; fileRef = 76E346541464D53600FFE364 /* StudentViewController.m */; };
		76E346651464D54400FFE364 /* Course.m in Sources */ = {isa = PBXBuildFile; fileRef = 76E3465A1464D54400FFE364 /* Course.m */; };
		76E346661464D54400FFE364 /* CourseModel.m in Sources */ = {isa = PBXBuildFile; fileRef = 76E3465C1464D54400FFE364 /* CourseModel.m */; };
		76E346671464D54400FFE364 /* Instructor.m in Sources */ = {isa = PBXBuildFile; fileRef = 76E3465E1464D54400FFE364 /* Instructor.m */; };
		76E346681464D54400FFE364 /* Person.m in Sources */ = {isa = PBXBuildFile; fileRef = 76E346601464D54400FFE364 /* Person.m */; };
		76E346691464D54400FFE364 /* Student.m in Sources */ = {isa = PBXBuildFile; fileRef = 76E346621464D54400FFE364 /* Student.m */; };
		76E3466A1464D54400FFE364 /* StudentModel.m in Sources */ = {isa = PBXBuildFile; fileRef = 76E346641464D54400FFE364 /* StudentModel.m */; };
		76E3466D1464D55800FFE364 /* Common.m in Sources */ = {isa = PBXBuildFile; fileRef = 76E3466C1464D55800FFE364 /* Common.m */; };
		76E346701464D79E00FFE364 /* CourseManagement-Info.plist in Resources */ = {isa = PBXBuildFile; fileRef = 76E3466E1464D79E00FFE364 /* CourseManagement-Info.plist */; };
		76E346731464D7A700FFE364 /* InfoPlist.strings in Resources */ = {isa = PBXBuildFile; fileRef = 76E346711464D7A700FFE364 /* InfoPlist.strings */; };
/* End PBXBuildFile section */

/* Begin PBXFileReference section */
		76844C081463F7D7001E54D1 /* student_female.png */ = {isa = PBXFileReference; lastKnownFileType = image.png; name = student_female.png; path = Images/student_female.png; sourceTree = SOURCE_ROOT; };
		76844C0A1463F7E2001E54D1 /* student_male.png */ = {isa = PBXFileReference; lastKnownFileType = image.png; name = student_male.png; path = Images/student_male.png; sourceTree = SOURCE_ROOT; };
		7685B8DC145EBA7D008F8FA2 /* course.png */ = {isa = PBXFileReference; lastKnownFileType = image.png; name = course.png; path = Images/course.png; sourceTree = SOURCE_ROOT; };
		768C53991466D7750003AC71 /* add_student.png */ = {isa = PBXFileReference; lastKnownFileType = image.png; name = add_student.png; path = Images/add_student.png; sourceTree = SOURCE_ROOT; };
		768C539C1466DF9C0003AC71 /* StudentViewCell.h */ = {isa = PBXFileReference; fileEncoding = 4; lastKnownFileType = sourcecode.c.h; name = StudentViewCell.h; path = Src/ViewControllers/StudentViewCell.h; sourceTree = SOURCE_ROOT; };
		768C539D1466DF9C0003AC71 /* StudentViewCell.m */ = {isa = PBXFileReference; fileEncoding = 4; lastKnownFileType = sourcecode.c.objc; name = StudentViewCell.m; path = Src/ViewControllers/StudentViewCell.m; sourceTree = SOURCE_ROOT; };
		768FD09F1465163600E709AD /* CourseListViewController.xib */ = {isa = PBXFileReference; fileEncoding = 4; lastKnownFileType = file.xib; name = CourseListViewController.xib; path = XIBs/CourseListViewController.xib; sourceTree = SOURCE_ROOT; };
		76A29A43144D784E00D66A0A /* CourseManagement.app */ = {isa = PBXFileReference; explicitFileType = wrapper.application; includeInIndex = 0; path = CourseManagement.app; sourceTree = BUILT_PRODUCTS_DIR; };
		76A29A47144D784E00D66A0A /* UIKit.framework */ = {isa = PBXFileReference; lastKnownFileType = wrapper.framework; name = UIKit.framework; path = System/Library/Frameworks/UIKit.framework; sourceTree = SDKROOT; };
		76A29A49144D784E00D66A0A /* Foundation.framework */ = {isa = PBXFileReference; lastKnownFileType = wrapper.framework; name = Foundation.framework; path = System/Library/Frameworks/Foundation.framework; sourceTree = SDKROOT; };
		76A29A4B144D784E00D66A0A /* CoreGraphics.framework */ = {isa = PBXFileReference; lastKnownFileType = wrapper.framework; name = CoreGraphics.framework; path = System/Library/Frameworks/CoreGraphics.framework; sourceTree = SDKROOT; };
		76AB6297146520BC009E9BEB /* CMModel.h */ = {isa = PBXFileReference; fileEncoding = 4; lastKnownFileType = sourcecode.c.h; name = CMModel.h; path = Src/Models/CMModel.h; sourceTree = "<group>"; };
		76AB6298146520BC009E9BEB /* CMModel.m */ = {isa = PBXFileReference; fileEncoding = 4; lastKnownFileType = sourcecode.c.objc; name = CMModel.m; path = Src/Models/CMModel.m; sourceTree = "<group>"; };
		76E3463F1464D4D600FFE364 /* main.m */ = {isa = PBXFileReference; fileEncoding = 4; lastKnownFileType = sourcecode.c.objc; path = main.m; sourceTree = SOURCE_ROOT; };
		76E346411464D50800FFE364 /* xcode.png */ = {isa = PBXFileReference; lastKnownFileType = image.png; name = xcode.png; path = Images/xcode.png; sourceTree = SOURCE_ROOT; };
		76E346431464D51700FFE364 /* CourseViewController.xib */ = {isa = PBXFileReference; fileEncoding = 4; lastKnownFileType = file.xib; name = CourseViewController.xib; path = XIBs/CourseViewController.xib; sourceTree = SOURCE_ROOT; };
		76E346441464D51700FFE364 /* StudentListViewController.xib */ = {isa = PBXFileReference; fileEncoding = 4; lastKnownFileType = file.xib; name = StudentListViewController.xib; path = XIBs/StudentListViewController.xib; sourceTree = SOURCE_ROOT; };
		76E346451464D51700FFE364 /* StudentViewController.xib */ = {isa = PBXFileReference; fileEncoding = 4; lastKnownFileType = file.xib; name = StudentViewController.xib; path = XIBs/StudentViewController.xib; sourceTree = SOURCE_ROOT; };
		76E346491464D52900FFE364 /* CourseManagementAppDelegate.h */ = {isa = PBXFileReference; fileEncoding = 4; lastKnownFileType = sourcecode.c.h; name = CourseManagementAppDelegate.h; path = Src/Delegators/CourseManagementAppDelegate.h; sourceTree = SOURCE_ROOT; };
		76E3464A1464D52900FFE364 /* CourseManagementAppDelegate.m */ = {isa = PBXFileReference; fileEncoding = 4; lastKnownFileType = sourcecode.c.objc; name = CourseManagementAppDelegate.m; path = Src/Delegators/CourseManagementAppDelegate.m; sourceTree = SOURCE_ROOT; };
		76E3464B1464D52900FFE364 /* ModalViewControllerDelegate.h */ = {isa = PBXFileReference; fileEncoding = 4; lastKnownFileType = sourcecode.c.h; name = ModalViewControllerDelegate.h; path = Src/Delegators/ModalViewControllerDelegate.h; sourceTree = SOURCE_ROOT; };
		76E3464D1464D53600FFE364 /* CourseListViewController.h */ = {isa = PBXFileReference; fileEncoding = 4; lastKnownFileType = sourcecode.c.h; name = CourseListViewController.h; path = Src/ViewControllers/CourseListViewController.h; sourceTree = SOURCE_ROOT; };
		76E3464E1464D53600FFE364 /* CourseListViewController.m */ = {isa = PBXFileReference; fileEncoding = 4; lastKnownFileType = sourcecode.c.objc; name = CourseListViewController.m; path = Src/ViewControllers/CourseListViewController.m; sourceTree = SOURCE_ROOT; };
		76E3464F1464D53600FFE364 /* CourseViewController.h */ = {isa = PBXFileReference; fileEncoding = 4; lastKnownFileType = sourcecode.c.h; name = CourseViewController.h; path = Src/ViewControllers/CourseViewController.h; sourceTree = SOURCE_ROOT; };
		76E346501464D53600FFE364 /* CourseViewController.m */ = {isa = PBXFileReference; fileEncoding = 4; lastKnownFileType = sourcecode.c.objc; name = CourseViewController.m; path = Src/ViewControllers/CourseViewController.m; sourceTree = SOURCE_ROOT; };
		76E346511464D53600FFE364 /* StudentListViewController.h */ = {isa = PBXFileReference; fileEncoding = 4; lastKnownFileType = sourcecode.c.h; name = StudentListViewController.h; path = Src/ViewControllers/StudentListViewController.h; sourceTree = SOURCE_ROOT; };
		76E346521464D53600FFE364 /* StudentListViewController.m */ = {isa = PBXFileReference; fileEncoding = 4; lastKnownFileType = sourcecode.c.objc; name = StudentListViewController.m; path = Src/ViewControllers/StudentListViewController.m; sourceTree = SOURCE_ROOT; };
		76E346531464D53600FFE364 /* StudentViewController.h */ = {isa = PBXFileReference; fileEncoding = 4; lastKnownFileType = sourcecode.c.h; name = StudentViewController.h; path = Src/ViewControllers/StudentViewController.h; sourceTree = SOURCE_ROOT; };
		76E346541464D53600FFE364 /* StudentViewController.m */ = {isa = PBXFileReference; fileEncoding = 4; lastKnownFileType = sourcecode.c.objc; name = StudentViewController.m; path = Src/ViewControllers/StudentViewController.m; sourceTree = SOURCE_ROOT; };
		76E346591464D54400FFE364 /* Course.h */ = {isa = PBXFileReference; fileEncoding = 4; lastKnownFileType = sourcecode.c.h; name = Course.h; path = Src/Models/Course.h; sourceTree = "<group>"; };
		76E3465A1464D54400FFE364 /* Course.m */ = {isa = PBXFileReference; fileEncoding = 4; lastKnownFileType = sourcecode.c.objc; name = Course.m; path = Src/Models/Course.m; sourceTree = "<group>"; };
		76E3465B1464D54400FFE364 /* CourseModel.h */ = {isa = PBXFileReference; fileEncoding = 4; lastKnownFileType = sourcecode.c.h; name = CourseModel.h; path = Src/Models/CourseModel.h; sourceTree = "<group>"; };
		76E3465C1464D54400FFE364 /* CourseModel.m */ = {isa = PBXFileReference; fileEncoding = 4; lastKnownFileType = sourcecode.c.objc; name = CourseModel.m; path = Src/Models/CourseModel.m; sourceTree = "<group>"; };
		76E3465D1464D54400FFE364 /* Instructor.h */ = {isa = PBXFileReference; fileEncoding = 4; lastKnownFileType = sourcecode.c.h; name = Instructor.h; path = Src/Models/Instructor.h; sourceTree = "<group>"; };
		76E3465E1464D54400FFE364 /* Instructor.m */ = {isa = PBXFileReference; fileEncoding = 4; lastKnownFileType = sourcecode.c.objc; name = Instructor.m; path = Src/Models/Instructor.m; sourceTree = "<group>"; };
		76E3465F1464D54400FFE364 /* Person.h */ = {isa = PBXFileReference; fileEncoding = 4; lastKnownFileType = sourcecode.c.h; name = Person.h; path = Src/Models/Person.h; sourceTree = "<group>"; };
		76E346601464D54400FFE364 /* Person.m */ = {isa = PBXFileReference; fileEncoding = 4; lastKnownFileType = sourcecode.c.objc; name = Person.m; path = Src/Models/Person.m; sourceTree = "<group>"; };
		76E346611464D54400FFE364 /* Student.h */ = {isa = PBXFileReference; fileEncoding = 4; lastKnownFileType = sourcecode.c.h; name = Student.h; path = Src/Models/Student.h; sourceTree = "<group>"; };
		76E346621464D54400FFE364 /* Student.m */ = {isa = PBXFileReference; fileEncoding = 4; lastKnownFileType = sourcecode.c.objc; name = Student.m; path = Src/Models/Student.m; sourceTree = "<group>"; };
		76E346631464D54400FFE364 /* StudentModel.h */ = {isa = PBXFileReference; fileEncoding = 4; lastKnownFileType = sourcecode.c.h; name = StudentModel.h; path = Src/Models/StudentModel.h; sourceTree = "<group>"; };
		76E346641464D54400FFE364 /* StudentModel.m */ = {isa = PBXFileReference; fileEncoding = 4; lastKnownFileType = sourcecode.c.objc; name = StudentModel.m; path = Src/Models/StudentModel.m; sourceTree = "<group>"; };
		76E3466B1464D55800FFE364 /* Common.h */ = {isa = PBXFileReference; fileEncoding = 4; lastKnownFileType = sourcecode.c.h; name = Common.h; path = Src/Global/Common.h; sourceTree = SOURCE_ROOT; };
		76E3466C1464D55800FFE364 /* Common.m */ = {isa = PBXFileReference; fileEncoding = 4; lastKnownFileType = sourcecode.c.objc; name = Common.m; path = Src/Global/Common.m; sourceTree = SOURCE_ROOT; };
		76E3466E1464D79E00FFE364 /* CourseManagement-Info.plist */ = {isa = PBXFileReference; fileEncoding = 4; lastKnownFileType = text.plist.xml; path = "CourseManagement-Info.plist"; sourceTree = "<group>"; };
		76E3466F1464D79E00FFE364 /* CourseManagement-Prefix.pch */ = {isa = PBXFileReference; fileEncoding = 4; lastKnownFileType = sourcecode.c.h; path = "CourseManagement-Prefix.pch"; sourceTree = "<group>"; };
		76E346721464D7A700FFE364 /* en */ = {isa = PBXFileReference; lastKnownFileType = text.plist.strings; name = en; path = en.lproj/InfoPlist.strings; sourceTree = "<group>"; };
/* End PBXFileReference section */

/* Begin PBXFrameworksBuildPhase section */
		76A29A40144D784D00D66A0A /* Frameworks */ = {
			isa = PBXFrameworksBuildPhase;
			buildActionMask = 2147483647;
			files = (
				76A29A48144D784E00D66A0A /* UIKit.framework in Frameworks */,
				76A29A4A144D784E00D66A0A /* Foundation.framework in Frameworks */,
				76A29A4C144D784E00D66A0A /* CoreGraphics.framework in Frameworks */,
			);
			runOnlyForDeploymentPostprocessing = 0;
		};
/* End PBXFrameworksBuildPhase section */

/* Begin PBXGroup section */
		760B3098145B0FAD003AF889 /* Images */ = {
			isa = PBXGroup;
			children = (
				768C53991466D7750003AC71 /* add_student.png */,
				76E346411464D50800FFE364 /* xcode.png */,
				76844C0A1463F7E2001E54D1 /* student_male.png */,
				76844C081463F7D7001E54D1 /* student_female.png */,
				7685B8DC145EBA7D008F8FA2 /* course.png */,
			);
			name = Images;
			sourceTree = "<group>";
		};
		76A29A38144D784D00D66A0A = {
			isa = PBXGroup;
			children = (
				76A29A4D144D784E00D66A0A /* CourseManagement */,
				76A29A46144D784E00D66A0A /* Frameworks */,
				76A29A44144D784E00D66A0A /* Products */,
			);
			sourceTree = "<group>";
		};
		76A29A44144D784E00D66A0A /* Products */ = {
			isa = PBXGroup;
			children = (
				76A29A43144D784E00D66A0A /* CourseManagement.app */,
			);
			name = Products;
			sourceTree = "<group>";
		};
		76A29A46144D784E00D66A0A /* Frameworks */ = {
			isa = PBXGroup;
			children = (
				76A29A47144D784E00D66A0A /* UIKit.framework */,
				76A29A49144D784E00D66A0A /* Foundation.framework */,
				76A29A4B144D784E00D66A0A /* CoreGraphics.framework */,
			);
			name = Frameworks;
			sourceTree = "<group>";
		};
		76A29A4D144D784E00D66A0A /* CourseManagement */ = {
			isa = PBXGroup;
			children = (
				760B3098145B0FAD003AF889 /* Images */,
				76A29A78144D84EC00D66A0A /* Common */,
				76A29A71144D7A3600D66A0A /* XIBs */,
				76A29A70144D79B600D66A0A /* Main */,
				76A29A63144D78DC00D66A0A /* ViewControllers */,
				76A29A62144D78C400D66A0A /* Delegators */,
				76A29A61144D78A000D66A0A /* Models */,
				76A29A4E144D784E00D66A0A /* Supporting Files */,
			);
			path = CourseManagement;
			sourceTree = "<group>";
		};
		76A29A4E144D784E00D66A0A /* Supporting Files */ = {
			isa = PBXGroup;
			children = (
				76E346711464D7A700FFE364 /* InfoPlist.strings */,
				76E3466E1464D79E00FFE364 /* CourseManagement-Info.plist */,
				76E3466F1464D79E00FFE364 /* CourseManagement-Prefix.pch */,
			);
			name = "Supporting Files";
			sourceTree = "<group>";
		};
		76A29A61144D78A000D66A0A /* Models */ = {
			isa = PBXGroup;
			children = (
				76E346591464D54400FFE364 /* Course.h */,
				76E3465A1464D54400FFE364 /* Course.m */,
				76E3465B1464D54400FFE364 /* CourseModel.h */,
				76E3465C1464D54400FFE364 /* CourseModel.m */,
				76E3465D1464D54400FFE364 /* Instructor.h */,
				76E3465E1464D54400FFE364 /* Instructor.m */,
				76E3465F1464D54400FFE364 /* Person.h */,
				76E346601464D54400FFE364 /* Person.m */,
				76E346611464D54400FFE364 /* Student.h */,
				76E346621464D54400FFE364 /* Student.m */,
				76E346631464D54400FFE364 /* StudentModel.h */,
				76E346641464D54400FFE364 /* StudentModel.m */,
				76AB6297146520BC009E9BEB /* CMModel.h */,
				76AB6298146520BC009E9BEB /* CMModel.m */,
			);
			name = Models;
			path = ..;
			sourceTree = "<group>";
		};
		76A29A62144D78C400D66A0A /* Delegators */ = {
			isa = PBXGroup;
			children = (
				76E346491464D52900FFE364 /* CourseManagementAppDelegate.h */,
				76E3464A1464D52900FFE364 /* CourseManagementAppDelegate.m */,
				76E3464B1464D52900FFE364 /* ModalViewControllerDelegate.h */,
			);
			name = Delegators;
			sourceTree = "<group>";
		};
		76A29A63144D78DC00D66A0A /* ViewControllers */ = {
			isa = PBXGroup;
			children = (
				76E3464D1464D53600FFE364 /* CourseListViewController.h */,
				76E3464E1464D53600FFE364 /* CourseListViewController.m */,
				76E3464F1464D53600FFE364 /* CourseViewController.h */,
				76E346501464D53600FFE364 /* CourseViewController.m */,
				76E346511464D53600FFE364 /* StudentListViewController.h */,
				76E346521464D53600FFE364 /* StudentListViewController.m */,
				76E346531464D53600FFE364 /* StudentViewController.h */,
				76E346541464D53600FFE364 /* StudentViewController.m */,
				768C539C1466DF9C0003AC71 /* StudentViewCell.h */,
				768C539D1466DF9C0003AC71 /* StudentViewCell.m */,
			);
			name = ViewControllers;
			sourceTree = "<group>";
		};
		76A29A70144D79B600D66A0A /* Main */ = {
			isa = PBXGroup;
			children = (
				76E3463F1464D4D600FFE364 /* main.m */,
			);
			name = Main;
			sourceTree = "<group>";
		};
		76A29A71144D7A3600D66A0A /* XIBs */ = {
			isa = PBXGroup;
			children = (
				76E346431464D51700FFE364 /* CourseViewController.xib */,
				76E346441464D51700FFE364 /* StudentListViewController.xib */,
				76E346451464D51700FFE364 /* StudentViewController.xib */,
				768FD09F1465163600E709AD /* CourseListViewController.xib */,
			);
			name = XIBs;
			sourceTree = "<group>";
		};
		76A29A78144D84EC00D66A0A /* Common */ = {
			isa = PBXGroup;
			children = (
				76E3466B1464D55800FFE364 /* Common.h */,
				76E3466C1464D55800FFE364 /* Common.m */,
			);
			name = Common;
			sourceTree = "<group>";
		};
/* End PBXGroup section */

/* Begin PBXNativeTarget section */
		76A29A42144D784D00D66A0A /* CourseManagement */ = {
			isa = PBXNativeTarget;
			buildConfigurationList = 76A29A5E144D784E00D66A0A /* Build configuration list for PBXNativeTarget "CourseManagement" */;
			buildPhases = (
				76A29A3F144D784D00D66A0A /* Sources */,
				76A29A40144D784D00D66A0A /* Frameworks */,
				76A29A41144D784D00D66A0A /* Resources */,
			);
			buildRules = (
			);
			dependencies = (
			);
			name = CourseManagement;
			productName = CourseManagement;
			productReference = 76A29A43144D784E00D66A0A /* CourseManagement.app */;
			productType = "com.apple.product-type.application";
		};
/* End PBXNativeTarget section */

/* Begin PBXProject section */
		76A29A3A144D784D00D66A0A /* Project object */ = {
			isa = PBXProject;
			buildConfigurationList = 76A29A3D144D784D00D66A0A /* Build configuration list for PBXProject "CourseManagement" */;
			compatibilityVersion = "Xcode 3.2";
			developmentRegion = English;
			hasScannedForEncodings = 0;
			knownRegions = (
				en,
			);
			mainGroup = 76A29A38144D784D00D66A0A;
			productRefGroup = 76A29A44144D784E00D66A0A /* Products */;
			projectDirPath = "";
			projectRoot = "";
			targets = (
				76A29A42144D784D00D66A0A /* CourseManagement */,
			);
		};
/* End PBXProject section */

/* Begin PBXResourcesBuildPhase section */
		76A29A41144D784D00D66A0A /* Resources */ = {
			isa = PBXResourcesBuildPhase;
			buildActionMask = 2147483647;
			files = (
				7685B8DE145EBA7D008F8FA2 /* course.png in Resources */,
				76844C091463F7D7001E54D1 /* student_female.png in Resources */,
				76844C0B1463F7E2001E54D1 /* student_male.png in Resources */,
				76E346421464D50800FFE364 /* xcode.png in Resources */,
				76E346461464D51700FFE364 /* CourseViewController.xib in Resources */,
				76E346471464D51700FFE364 /* StudentListViewController.xib in Resources */,
				76E346481464D51700FFE364 /* StudentViewController.xib in Resources */,
				76E346701464D79E00FFE364 /* CourseManagement-Info.plist in Resources */,
				76E346731464D7A700FFE364 /* InfoPlist.strings in Resources */,
				768FD0A01465163600E709AD /* CourseListViewController.xib in Resources */,
				768C539A1466D7750003AC71 /* add_student.png in Resources */,
			);
			runOnlyForDeploymentPostprocessing = 0;
		};
/* End PBXResourcesBuildPhase section */

/* Begin PBXSourcesBuildPhase section */
		76A29A3F144D784D00D66A0A /* Sources */ = {
			isa = PBXSourcesBuildPhase;
			buildActionMask = 2147483647;
			files = (
				76E346401464D4D600FFE364 /* main.m in Sources */,
				76E3464C1464D52900FFE364 /* CourseManagementAppDelegate.m in Sources */,
				76E346551464D53600FFE364 /* CourseListViewController.m in Sources */,
				76E346561464D53600FFE364 /* CourseViewController.m in Sources */,
				76E346571464D53600FFE364 /* StudentListViewController.m in Sources */,
				76E346581464D53600FFE364 /* StudentViewController.m in Sources */,
				76E346651464D54400FFE364 /* Course.m in Sources */,
				76E346661464D54400FFE364 /* CourseModel.m in Sources */,
				76E346671464D54400FFE364 /* Instructor.m in Sources */,
				76E346681464D54400FFE364 /* Person.m in Sources */,
				76E346691464D54400FFE364 /* Student.m in Sources */,
				76E3466A1464D54400FFE364 /* StudentModel.m in Sources */,
				76E3466D1464D55800FFE364 /* Common.m in Sources */,
				76AB6299146520BC009E9BEB /* CMModel.m in Sources */,
				768C539E1466DF9D0003AC71 /* StudentViewCell.m in Sources */,
			);
			runOnlyForDeploymentPostprocessing = 0;
		};
/* End PBXSourcesBuildPhase section */

/* Begin PBXVariantGroup section */
		76E346711464D7A700FFE364 /* InfoPlist.strings */ = {
			isa = PBXVariantGroup;
			children = (
				76E346721464D7A700FFE364 /* en */,
			);
			name = InfoPlist.strings;
			sourceTree = "<group>";
		};
/* End PBXVariantGroup section */

/* Begin XCBuildConfiguration section */
		76A29A5C144D784E00D66A0A /* Debug */ = {
			isa = XCBuildConfiguration;
			buildSettings = {
				ARCHS = "$(ARCHS_STANDARD_32_BIT)";
				"CODE_SIGN_IDENTITY[sdk=iphoneos*]" = "iPhone Developer";
				GCC_C_LANGUAGE_STANDARD = gnu99;
				GCC_OPTIMIZATION_LEVEL = 0;
				GCC_PREPROCESSOR_DEFINITIONS = DEBUG;
				GCC_SYMBOLS_PRIVATE_EXTERN = NO;
				GCC_VERSION = com.apple.compilers.llvmgcc42;
				GCC_WARN_ABOUT_RETURN_TYPE = YES;
				GCC_WARN_UNUSED_VARIABLE = YES;
				IPHONEOS_DEPLOYMENT_TARGET = 4.3;
				SDKROOT = iphoneos;
			};
			name = Debug;
		};
		76A29A5D144D784E00D66A0A /* Release */ = {
			isa = XCBuildConfiguration;
			buildSettings = {
				ARCHS = "$(ARCHS_STANDARD_32_BIT)";
				"CODE_SIGN_IDENTITY[sdk=iphoneos*]" = "iPhone Developer";
				GCC_C_LANGUAGE_STANDARD = gnu99;
				GCC_VERSION = com.apple.compilers.llvmgcc42;
				GCC_WARN_ABOUT_RETURN_TYPE = YES;
				GCC_WARN_UNUSED_VARIABLE = YES;
				IPHONEOS_DEPLOYMENT_TARGET = 4.3;
				OTHER_CFLAGS = "-DNS_BLOCK_ASSERTIONS=1";
				SDKROOT = iphoneos;
			};
			name = Release;
		};
		76A29A5F144D784E00D66A0A /* Debug */ = {
			isa = XCBuildConfiguration;
			buildSettings = {
				ALWAYS_SEARCH_USER_PATHS = NO;
				COPY_PHASE_STRIP = NO;
				GCC_DYNAMIC_NO_PIC = NO;
				GCC_PRECOMPILE_PREFIX_HEADER = YES;
				GCC_PREFIX_HEADER = "CourseManagement/CourseManagement-Prefix.pch";
				INFOPLIST_FILE = "CourseManagement/CourseManagement-Info.plist";
				PRODUCT_NAME = "$(TARGET_NAME)";
				WRAPPER_EXTENSION = app;
			};
			name = Debug;
		};
		76A29A60144D784E00D66A0A /* Release */ = {
			isa = XCBuildConfiguration;
			buildSettings = {
				ALWAYS_SEARCH_USER_PATHS = NO;
				COPY_PHASE_STRIP = YES;
				GCC_PRECOMPILE_PREFIX_HEADER = YES;
				GCC_PREFIX_HEADER = "CourseManagement/CourseManagement-Prefix.pch";
				INFOPLIST_FILE = "CourseManagement/CourseManagement-Info.plist";
				PRODUCT_NAME = "$(TARGET_NAME)";
				VALIDATE_PRODUCT = YES;
				WRAPPER_EXTENSION = app;
			};
			name = Release;
		};
/* End XCBuildConfiguration section */

/* Begin XCConfigurationList section */
		76A29A3D144D784D00D66A0A /* Build configuration list for PBXProject "CourseManagement" */ = {
			isa = XCConfigurationList;
			buildConfigurations = (
				76A29A5C144D784E00D66A0A /* Debug */,
				76A29A5D144D784E00D66A0A /* Release */,
			);
			defaultConfigurationIsVisible = 0;
			defaultConfigurationName = Release;
		};
		76A29A5E144D784E00D66A0A /* Build configuration list for PBXNativeTarget "CourseManagement" */ = {
			isa = XCConfigurationList;
			buildConfigurations = (
				76A29A5F144D784E00D66A0A /* Debug */,
				76A29A60144D784E00D66A0A /* Release */,
			);
			defaultConfigurationIsVisible = 0;
			defaultConfigurationName = Release;
		};
/* End XCConfigurationList section */
	};
	rootObject = 76A29A3A144D784D00D66A0A /* Project object */;
}
